<?xml version="1.0" encoding="utf-8"?>
<Project ToolsVersion="4.0" xmlns="http://schemas.microsoft.com/developer/msbuild/2003">
  <ItemGroup>
    <ClCompile Include="..\src\CollectionInterface.cpp" />
    <ClCompile Include="..\src\Dialogs\AboutDialog.cpp">
      <Filter>Dialogs</Filter>
    </ClCompile>
    <ClCompile Include="..\src\Dialogs\CollectionInterfaceDialog.cpp">
      <Filter>Dialogs</Filter>
    </ClCompile>
    <ClCompile Include="..\src\Classes\CollectionInterfaceClass.cpp">
      <Filter>Classes</Filter>
    </ClCompile>
    <ClCompile Include="..\src\DockingFeature\GoToLineDlg.cpp">
      <Filter>Ignore</Filter>
    </ClCompile>
    <ClCompile Include="..\src\Hyperlinks.cpp">
      <Filter>Libraries</Filter>
    </ClCompile>
    <ClCompile Include="..\src\PluginDefinition.cpp">
      <Filter>Template</Filter>
    </ClCompile>
    <ClCompile Include="..\src\DockingFeature\StaticDialog.cpp">
      <Filter>Template</Filter>
    </ClCompile>
  </ItemGroup>
  <ItemGroup>
    <ClInclude Include="..\src\Dialogs\AboutDialog.h">
      <Filter>Dialogs</Filter>
    </ClInclude>
    <ClInclude Include="..\src\Dialogs\resource.h">
      <Filter>Dialogs</Filter>
    </ClInclude>
    <ClInclude Include="..\src\Dialogs\Version.h">
      <Filter>Dialogs</Filter>
    </ClInclude>
    <ClInclude Include="..\src\Dialogs\CollectionInterfaceDialog.h">
      <Filter>Dialogs</Filter>
    </ClInclude>
    <ClInclude Include="..\src\Classes\CollectionInterfaceClass.h">
      <Filter>Classes</Filter>
    </ClInclude>
    <ClInclude Include="..\src\Classes\json.hpp">
      <Filter>Classes</Filter>
    </ClInclude>
    <ClInclude Include="..\src\NPP_DarkMode.h" />
    <ClInclude Include="..\src\DockingFeature\Docking.h">
      <Filter>Ignore</Filter>
    </ClInclude>
    <ClInclude Include="..\src\DockingFeature\DockingDlgInterface.h">
      <Filter>Ignore</Filter>
    </ClInclude>
    <ClInclude Include="..\src\DockingFeature\dockingResource.h">
      <Filter>Ignore</Filter>
    </ClInclude>
    <ClInclude Include="..\src\DockingFeature\GoToLineDlg.h">
      <Filter>Ignore</Filter>
    </ClInclude>
    <ClInclude Include="..\src\Hyperlinks.h">
      <Filter>Libraries</Filter>
    </ClInclude>
    <ClInclude Include="..\src\menuCmdID.h">
      <Filter>Template</Filter>
    </ClInclude>
    <ClInclude Include="..\src\Notepad_plus_msgs.h">
      <Filter>Template</Filter>
    </ClInclude>
    <ClInclude Include="..\src\PluginDefinition.h">
      <Filter>Template</Filter>
    </ClInclude>
    <ClInclude Include="..\src\PluginInterface.h">
      <Filter>Template</Filter>
    </ClInclude>
    <ClInclude Include="..\src\DockingFeature\resource.h">
      <Filter>Template</Filter>
    </ClInclude>
    <ClInclude Include="..\src\Sci_Position.h">
      <Filter>Template</Filter>
    </ClInclude>
    <ClInclude Include="..\src\Scintilla.h">
      <Filter>Template</Filter>
    </ClInclude>
    <ClInclude Include="..\src\DockingFeature\StaticDialog.h">
      <Filter>Template</Filter>
    </ClInclude>
    <ClInclude Include="..\src\DockingFeature\Window.h">
      <Filter>Template</Filter>
    </ClInclude>
  </ItemGroup>
  <ItemGroup>
    <ResourceCompile Include="..\src\CollectionInterface.rc" />
    <ResourceCompile Include="..\src\Dialogs\AboutDialog.rc">
      <Filter>Dialogs</Filter>
    </ResourceCompile>
    <ResourceCompile Include="..\src\Dialogs\CollectionInterfaceDialog.rc">
      <Filter>Dialogs</Filter>
    </ResourceCompile>
    <ResourceCompile Include="..\src\DockingFeature\goLine.rc">
      <Filter>Ignore</Filter>
    </ResourceCompile>
  </ItemGroup>
  <ItemGroup>
    <Filter Include="Dialogs">
      <UniqueIdentifier>{7093fbe7-6903-4f76-aba8-518019b09f16}</UniqueIdentifier>
    </Filter>
    <Filter Include="Classes">
      <UniqueIdentifier>{8ebe3960-be3e-4cdd-92b3-097addd051c9}</UniqueIdentifier>
    </Filter>
    <Filter Include="Ignore">
      <UniqueIdentifier>{1c072973-cc48-4b01-b945-092e2b0abaa1}</UniqueIdentifier>
    </Filter>
    <Filter Include="Libraries">
      <UniqueIdentifier>{579b48be-0d6d-4835-8683-1b1bffb34634}</UniqueIdentifier>
    </Filter>
    <Filter Include="Template">
      <UniqueIdentifier>{e69966f8-c062-412d-b317-3e2441889a05}</UniqueIdentifier>
    </Filter>
  </ItemGroup>
</Project>